
Microsoft Visual Studio Solution File, Format Version 12.00
# Visual Studio Version 17
VisualStudioVersion = 17.0.31903.59
MinimumVisualStudioVersion = 10.0.40219.1
Project("{F184B08F-C81C-45F6-A57F-5ABD9991F28F}") = "PlaceRichEditInEditForm", "PlaceRichEditInEditForm\PlaceRichEditInEditForm.vbproj", "{EB883E3D-929B-4B26-BF1A-B678DFA7E75F}"
EndProject
Global
	GlobalSection(SolutionConfigurationPlatforms) = preSolution
		Debug|Any CPU = Debug|Any CPU
		Release|Any CPU = Release|Any CPU
	EndGlobalSection
	GlobalSection(ProjectConfigurationPlatforms) = postSolution
		{EB883E3D-929B-4B26-BF1A-B678DFA7E75F}.Debug|Any CPU.ActiveCfg = Debug|Any CPU
		{EB883E3D-929B-4B26-BF1A-B678DFA7E75F}.Debug|Any CPU.Build.0 = Debug|Any CPU
		{EB883E3D-929B-4B26-BF1A-B678DFA7E75F}.Release|Any CPU.ActiveCfg = Release|Any CPU
		{EB883E3D-929B-4B26-BF1A-B678DFA7E75F}.Release|Any CPU.Build.0 = Release|Any CPU
	EndGlobalSection
	GlobalSection(SolutionProperties) = preSolution
		HideSolutionNode = FALSE
	EndGlobalSection
	GlobalSection(ExtensibilityGlobals) = postSolution
		SolutionGuid = {AF2CFB78-E5F0-4B9A-AC40-E2BE758B865D}
	EndGlobalSection
EndGlobal
